# THIS IS AN AUTOGENERATED FILE. DO NOT EDIT THIS FILE DIRECTLY.
# yarn lockfile v1


"@types/intl-tel-input@^14.0.1":
  version "14.0.1"
  resolved "https://registry.yarnpkg.com/@types/intl-tel-input/-/intl-tel-input-14.0.1.tgz#f38f78b67823e79f31c7630ec7922410ef484119"
  integrity sha512-1capY11Or9BlC9vqzPBYMVvn0sVSyzPb/dO0RcudX0nOS1WZ2VkhdZupHj7SwsKlcn7/L8xpKg+IlPpayJMcmA==

intl-tel-input@^16.0.10:
  version "16.0.10"
  resolved "https://registry.yarnpkg.com/intl-tel-input/-/intl-tel-input-16.0.10.tgz#75665044d8278f6c8be42a60b3d0fdff74008f64"
  integrity sha512-UYxBA5tZcO/GUD7jRGUHPPn7efEaD6chrwsiZoKD1pNiA+CEfuth4xXC8S9i3AG9o+5+Upw6mJ/rR5LnyzHsSg==

ngx-toastr@^10.1.0:
  version "10.2.0"
  resolved "https://registry.yarnpkg.com/ngx-toastr/-/ngx-toastr-10.2.0.tgz#8a79008de0b1c013f90120a53e0355af5762e969"
  integrity sha512-6ASr5bcvQmtNKb4D2VEsQjCXyROq6GwberBWO0bVt+xcBYPUea4aRTgX8in9apX9buaTafzG+h3HlnIraspoPg==
  dependencies:
    tslib "^1.9.0"

ngx-trim-directive@^1.0.4:
  version "1.0.4"
  resolved "https://registry.yarnpkg.com/ngx-trim-directive/-/ngx-trim-directive-1.0.4.tgz#2d7d8e11bb67119ef4af0072916c67a0c0d8ffd4"
  integrity sha512-74KiyhCM5i1DzDsjiM/wXbDdXdV/jfAcivR1+Pv/0xlB8aGz9uq0YWhqagzksdqk1jWWVgMs0LTzCgTl981TCQ==
  dependencies:
    tslib "^1.9.0"

tslib@^1.9.0:
  version "1.9.3"
  resolved "https://registry.yarnpkg.com/tslib/-/tslib-1.9.3.tgz#d7e4dd79245d85428c4d7e4822a79917954ca286"
  integrity sha512-4krF8scpejhaOgqzBEcGM7yDIEfi0/8+8zDRZhNZZ2kjmHJ4hv3zCbQWxoJGz1iw5U0Jl0nma13xzHXcncMavQ==
